
Microsoft Visual Studio Solution File, Format Version 12.00
# Visual Studio Version 16
VisualStudioVersion = 16.0.28803.202
MinimumVisualStudioVersion = 10.0.40219.1
Project("{FAE04EC0-301F-11D3-BF4B-00C04F79EFBC}") = "MonkeyBusiness", "MonkeyBusiness\MonkeyBusiness.csproj", "{55478204-F858-4AE7-BEB5-926FD63ED68B}"
EndProject
Project("{FAE04EC0-301F-11D3-BF4B-00C04F79EFBC}") = "MonkeyBusinessTests", "MonkeyBusinessTests\MonkeyBusinessTests.csproj", "{7289CAB3-EEB6-4EEF-8BC2-EFAD83993204}"
EndProject
Global
	GlobalSection(SolutionConfigurationPlatforms) = preSolution
		Debug|Any CPU = Debug|Any CPU
		Release|Any CPU = Release|Any CPU
	EndGlobalSection
	GlobalSection(ProjectConfigurationPlatforms) = postSolution
		{55478204-F858-4AE7-BEB5-926FD63ED68B}.Debug|Any CPU.ActiveCfg = Debug|Any CPU
		{55478204-F858-4AE7-BEB5-926FD63ED68B}.Debug|Any CPU.Build.0 = Debug|Any CPU
		{55478204-F858-4AE7-BEB5-926FD63ED68B}.Release|Any CPU.ActiveCfg = Release|Any CPU
		{55478204-F858-4AE7-BEB5-926FD63ED68B}.Release|Any CPU.Build.0 = Release|Any CPU
		{7289CAB3-EEB6-4EEF-8BC2-EFAD83993204}.Debug|Any CPU.ActiveCfg = Debug|Any CPU
		{7289CAB3-EEB6-4EEF-8BC2-EFAD83993204}.Debug|Any CPU.Build.0 = Debug|Any CPU
		{7289CAB3-EEB6-4EEF-8BC2-EFAD83993204}.Release|Any CPU.ActiveCfg = Release|Any CPU
		{7289CAB3-EEB6-4EEF-8BC2-EFAD83993204}.Release|Any CPU.Build.0 = Release|Any CPU
	EndGlobalSection
	GlobalSection(SolutionProperties) = preSolution
		HideSolutionNode = FALSE
	EndGlobalSection
	GlobalSection(ExtensibilityGlobals) = postSolution
		SolutionGuid = {F0314C20-3694-4CBC-B0BE-8BD81C3505E5}
	EndGlobalSection
EndGlobal
